// !$*UTF8*$!
{
	archiveVersion = 1;
	classes = {
	};
	objectVersion = 46;
	objects = {

/* Begin PBXBuildFile section */
		26202B9D1D9DA9E900270519 /* AppDelegate.swift in Sources */ = {isa = PBXBuildFile; fileRef = 26202B9B1D9DA9E100270519 /* AppDelegate.swift */; };
		26202B9E1D9DA9E900270519 /* ConnectionHelperURL.swift in Sources */ = {isa = PBXBuildFile; fileRef = 26202B9C1D9DA9E100270519 /* ConnectionHelperURL.swift */; };
		26202BA21D9DAAFD00270519 /* Assets.xcassets in Resources */ = {isa = PBXBuildFile; fileRef = 26202B951D9DA9E100270519 /* Assets.xcassets */; };
		26202BB51D9DBEEF00270519 /* MainMenu.xib in Resources */ = {isa = PBXBuildFile; fileRef = 26202B961D9DA9E100270519 /* MainMenu.xib */; };
		26C3B3571D9E98B000E8A294 /* connect.sh in Resources */ = {isa = PBXBuildFile; fileRef = 26202B981D9DA9E100270519 /* connect.sh */; };
		26D967501D9EA1F3009A78CF /* main.swift in Sources */ = {isa = PBXBuildFile; fileRef = 26D9674F1D9EA1F3009A78CF /* main.swift */; };
		26D967511D9EA222009A78CF /* getpass.bundle in Embed PlugIns */ = {isa = PBXBuildFile; fileRef = 26D967481D9EA1C5009A78CF /* getpass.bundle */; settings = {ATTRIBUTES = (CodeSignOnCopy, RemoveHeadersOnCopy, ); }; };
		26D967651D9F0EC6009A78CF /* getpass in Replace executable */ = {isa = PBXBuildFile; fileRef = 26D967641D9F0EC0009A78CF /* getpass */; settings = {ATTRIBUTES = (CodeSignOnCopy, ); }; };
/* End PBXBuildFile section */

/* Begin PBXContainerItemProxy section */
		26D967521D9EA222009A78CF /* PBXContainerItemProxy */ = {
			isa = PBXContainerItemProxy;
			containerPortal = 26202B791D9DA35E00270519 /* Project object */;
			proxyType = 1;
			remoteGlobalIDString = 26D967471D9EA1C5009A78CF;
			remoteInfo = getpass;
		};
/* End PBXContainerItemProxy section */

/* Begin PBXCopyFilesBuildPhase section */
		26D967541D9EA222009A78CF /* Embed PlugIns */ = {
			isa = PBXCopyFilesBuildPhase;
			buildActionMask = 2147483647;
			dstPath = "";
			dstSubfolderSpec = 13;
			files = (
				26D967511D9EA222009A78CF /* getpass.bundle in Embed PlugIns */,
			);
			name = "Embed PlugIns";
			runOnlyForDeploymentPostprocessing = 0;
		};
		26D967631D9F0E9F009A78CF /* Replace executable */ = {
			isa = PBXCopyFilesBuildPhase;
			buildActionMask = 2147483647;
			dstPath = "";
			dstSubfolderSpec = 6;
			files = (
				26D967651D9F0EC6009A78CF /* getpass in Replace executable */,
			);
			name = "Replace executable";
			runOnlyForDeploymentPostprocessing = 0;
		};
/* End PBXCopyFilesBuildPhase section */

/* Begin PBXFileReference section */
		26202B811D9DA35E00270519 /* SSH Connector.app */ = {isa = PBXFileReference; explicitFileType = wrapper.application; includeInIndex = 0; path = "SSH Connector.app"; sourceTree = BUILT_PRODUCTS_DIR; };
		26202B951D9DA9E100270519 /* Assets.xcassets */ = {isa = PBXFileReference; lastKnownFileType = folder.assetcatalog; path = Assets.xcassets; sourceTree = "<group>"; };
		26202B971D9DA9E100270519 /* Base */ = {isa = PBXFileReference; lastKnownFileType = file.xib; name = Base; path = Base.lproj/MainMenu.xib; sourceTree = "<group>"; };
		26202B981D9DA9E100270519 /* connect.sh */ = {isa = PBXFileReference; lastKnownFileType = text.script.sh; path = connect.sh; sourceTree = "<group>"; };
		26202B991D9DA9E100270519 /* Info.plist */ = {isa = PBXFileReference; lastKnownFileType = text.plist.xml; path = Info.plist; sourceTree = "<group>"; };
		26202B9B1D9DA9E100270519 /* AppDelegate.swift */ = {isa = PBXFileReference; lastKnownFileType = sourcecode.swift; path = AppDelegate.swift; sourceTree = "<group>"; };
		26202B9C1D9DA9E100270519 /* ConnectionHelperURL.swift */ = {isa = PBXFileReference; lastKnownFileType = sourcecode.swift; path = ConnectionHelperURL.swift; sourceTree = "<group>"; };
		26202B9F1D9DAA9B00270519 /* LICENSE */ = {isa = PBXFileReference; lastKnownFileType = text; path = LICENSE; sourceTree = "<group>"; };
		26202BA01D9DAA9B00270519 /* README.md */ = {isa = PBXFileReference; lastKnownFileType = net.daringfireball.markdown; path = README.md; sourceTree = "<group>"; };
		26D967481D9EA1C5009A78CF /* getpass.bundle */ = {isa = PBXFileReference; explicitFileType = wrapper.cfbundle; includeInIndex = 0; path = getpass.bundle; sourceTree = BUILT_PRODUCTS_DIR; };
		26D9674A1D9EA1C5009A78CF /* Info.plist */ = {isa = PBXFileReference; lastKnownFileType = text.plist.xml; path = Info.plist; sourceTree = "<group>"; };
		26D9674F1D9EA1F3009A78CF /* main.swift */ = {isa = PBXFileReference; fileEncoding = 4; lastKnownFileType = sourcecode.swift; path = main.swift; sourceTree = "<group>"; };
		26D967641D9F0EC0009A78CF /* getpass */ = {isa = PBXFileReference; lastKnownFileType = "compiled.mach-o.executable"; path = getpass; sourceTree = "<group>"; };
/* End PBXFileReference section */

/* Begin PBXFrameworksBuildPhase section */
		26202B7E1D9DA35E00270519 /* Frameworks */ = {
			isa = PBXFrameworksBuildPhase;
			buildActionMask = 2147483647;
			files = (
			);
			runOnlyForDeploymentPostprocessing = 0;
		};
		26D967451D9EA1C5009A78CF /* Frameworks */ = {
			isa = PBXFrameworksBuildPhase;
			buildActionMask = 2147483647;
			files = (
			);
			runOnlyForDeploymentPostprocessing = 0;
		};
/* End PBXFrameworksBuildPhase section */

/* Begin PBXGroup section */
		26202B781D9DA35E00270519 = {
			isa = PBXGroup;
			children = (
				26202B9A1D9DA9E100270519 /* Sources */,
				26202B941D9DA9E100270519 /* Resources */,
				26D967491D9EA1C5009A78CF /* getpass */,
				26202B821D9DA35E00270519 /* Products */,
				26202B9F1D9DAA9B00270519 /* LICENSE */,
				26202BA01D9DAA9B00270519 /* README.md */,
			);
			sourceTree = "<group>";
		};
		26202B821D9DA35E00270519 /* Products */ = {
			isa = PBXGroup;
			children = (
				26202B811D9DA35E00270519 /* SSH Connector.app */,
				26D967481D9EA1C5009A78CF /* getpass.bundle */,
			);
			name = Products;
			sourceTree = "<group>";
		};
		26202B941D9DA9E100270519 /* Resources */ = {
			isa = PBXGroup;
			children = (
				26202B951D9DA9E100270519 /* Assets.xcassets */,
				26202B961D9DA9E100270519 /* MainMenu.xib */,
				26202B981D9DA9E100270519 /* connect.sh */,
				26202B991D9DA9E100270519 /* Info.plist */,
			);
			path = Resources;
			sourceTree = "<group>";
		};
		26202B9A1D9DA9E100270519 /* Sources */ = {
			isa = PBXGroup;
			children = (
				26202B9B1D9DA9E100270519 /* AppDelegate.swift */,
				26202B9C1D9DA9E100270519 /* ConnectionHelperURL.swift */,
			);
			path = Sources;
			sourceTree = "<group>";
		};
		26D967491D9EA1C5009A78CF /* getpass */ = {
			isa = PBXGroup;
			children = (
				26D9674F1D9EA1F3009A78CF /* main.swift */,
				26D9674A1D9EA1C5009A78CF /* Info.plist */,
				26D967641D9F0EC0009A78CF /* getpass */,
			);
			path = getpass;
			sourceTree = "<group>";
		};
/* End PBXGroup section */

/* Begin PBXNativeTarget section */
		26202B801D9DA35E00270519 /* SSH Connector */ = {
			isa = PBXNativeTarget;
			buildConfigurationList = 26202B8E1D9DA35F00270519 /* Build configuration list for PBXNativeTarget "SSH Connector" */;
			buildPhases = (
				26202B7D1D9DA35E00270519 /* Sources */,
				26202B7E1D9DA35E00270519 /* Frameworks */,
				26202BB21D9DBD3900270519 /* Build getpass */,
				26202B7F1D9DA35E00270519 /* Resources */,
				26D967541D9EA222009A78CF /* Embed PlugIns */,
			);
			buildRules = (
			);
			dependencies = (
				26D967531D9EA222009A78CF /* PBXTargetDependency */,
			);
			name = "SSH Connector";
			productName = "SSH Connector";
			productReference = 26202B811D9DA35E00270519 /* SSH Connector.app */;
			productType = "com.apple.product-type.application";
		};
		26D967471D9EA1C5009A78CF /* getpass */ = {
			isa = PBXNativeTarget;
			buildConfigurationList = 26D9674B1D9EA1C5009A78CF /* Build configuration list for PBXNativeTarget "getpass" */;
			buildPhases = (
				26D967441D9EA1C5009A78CF /* Sources */,
				26D967451D9EA1C5009A78CF /* Frameworks */,
				26D967461D9EA1C5009A78CF /* Resources */,
				26D967621D9F0E63009A78CF /* Build getpass executable */,
				26D967631D9F0E9F009A78CF /* Replace executable */,
			);
			buildRules = (
			);
			dependencies = (
			);
			name = getpass;
			productName = getpass;
			productReference = 26D967481D9EA1C5009A78CF /* getpass.bundle */;
			productType = "com.apple.product-type.bundle";
		};
/* End PBXNativeTarget section */

/* Begin PBXProject section */
		26202B791D9DA35E00270519 /* Project object */ = {
			isa = PBXProject;
			attributes = {
				LastSwiftUpdateCheck = 0800;
				LastUpgradeCheck = 0800;
				ORGANIZATIONNAME = Hejki;
				TargetAttributes = {
					26202B801D9DA35E00270519 = {
						CreatedOnToolsVersion = 8.0;
						ProvisioningStyle = Manual;
					};
					26D967471D9EA1C5009A78CF = {
						CreatedOnToolsVersion = 8.0;
						LastSwiftMigration = 0800;
						ProvisioningStyle = Manual;
					};
				};
			};
			buildConfigurationList = 26202B7C1D9DA35E00270519 /* Build configuration list for PBXProject "SSH Connector" */;
			compatibilityVersion = "Xcode 3.2";
			developmentRegion = English;
			hasScannedForEncodings = 0;
			knownRegions = (
				en,
				Base,
			);
			mainGroup = 26202B781D9DA35E00270519;
			productRefGroup = 26202B821D9DA35E00270519 /* Products */;
			projectDirPath = "";
			projectRoot = "";
			targets = (
				26202B801D9DA35E00270519 /* SSH Connector */,
				26D967471D9EA1C5009A78CF /* getpass */,
			);
		};
/* End PBXProject section */

/* Begin PBXResourcesBuildPhase section */
		26202B7F1D9DA35E00270519 /* Resources */ = {
			isa = PBXResourcesBuildPhase;
			buildActionMask = 2147483647;
			files = (
				26202BA21D9DAAFD00270519 /* Assets.xcassets in Resources */,
				26C3B3571D9E98B000E8A294 /* connect.sh in Resources */,
				26202BB51D9DBEEF00270519 /* MainMenu.xib in Resources */,
			);
			runOnlyForDeploymentPostprocessing = 0;
		};
		26D967461D9EA1C5009A78CF /* Resources */ = {
			isa = PBXResourcesBuildPhase;
			buildActionMask = 2147483647;
			files = (
			);
			runOnlyForDeploymentPostprocessing = 0;
		};
/* End PBXResourcesBuildPhase section */

/* Begin PBXShellScriptBuildPhase section */
		26202BB21D9DBD3900270519 /* Build getpass */ = {
			isa = PBXShellScriptBuildPhase;
			buildActionMask = 2147483647;
			files = (
			);
			inputPaths = (
			);
			name = "Build getpass";
			outputPaths = (
			);
			runOnlyForDeploymentPostprocessing = 0;
			shellPath = /bin/sh;
			shellScript = "#cd getpass\n#swift build -c release\n#cp .build/release/getpass ../Resources\n#codesign --force --verify --verbose --sign \"Developer ID Application: Petr Hejkal (772G83MDGQ)\" ../Resources/getpass";
		};
		26D967621D9F0E63009A78CF /* Build getpass executable */ = {
			isa = PBXShellScriptBuildPhase;
			buildActionMask = 2147483647;
			files = (
			);
			inputPaths = (
			);
			name = "Build getpass executable";
			outputPaths = (
			);
			runOnlyForDeploymentPostprocessing = 0;
			shellPath = /bin/sh;
			shellScript = "cd getpass\nswift build -c release\ncp .build/release/getpass .";
		};
/* End PBXShellScriptBuildPhase section */

/* Begin PBXSourcesBuildPhase section */
		26202B7D1D9DA35E00270519 /* Sources */ = {
			isa = PBXSourcesBuildPhase;
			buildActionMask = 2147483647;
			files = (
				26202B9D1D9DA9E900270519 /* AppDelegate.swift in Sources */,
				26202B9E1D9DA9E900270519 /* ConnectionHelperURL.swift in Sources */,
			);
			runOnlyForDeploymentPostprocessing = 0;
		};
		26D967441D9EA1C5009A78CF /* Sources */ = {
			isa = PBXSourcesBuildPhase;
			buildActionMask = 2147483647;
			files = (
				26D967501D9EA1F3009A78CF /* main.swift in Sources */,
			);
			runOnlyForDeploymentPostprocessing = 0;
		};
/* End PBXSourcesBuildPhase section */

/* Begin PBXTargetDependency section */
		26D967531D9EA222009A78CF /* PBXTargetDependency */ = {
			isa = PBXTargetDependency;
			target = 26D967471D9EA1C5009A78CF /* getpass */;
			targetProxy = 26D967521D9EA222009A78CF /* PBXContainerItemProxy */;
		};
/* End PBXTargetDependency section */

/* Begin PBXVariantGroup section */
		26202B961D9DA9E100270519 /* MainMenu.xib */ = {
			isa = PBXVariantGroup;
			children = (
				26202B971D9DA9E100270519 /* Base */,
			);
			name = MainMenu.xib;
			sourceTree = "<group>";
		};
/* End PBXVariantGroup section */

/* Begin XCBuildConfiguration section */
		26202B8C1D9DA35F00270519 /* Debug */ = {
			isa = XCBuildConfiguration;
			buildSettings = {
				ALWAYS_SEARCH_USER_PATHS = NO;
				CLANG_ANALYZER_NONNULL = YES;
				CLANG_CXX_LANGUAGE_STANDARD = "gnu++0x";
				CLANG_CXX_LIBRARY = "libc++";
				CLANG_ENABLE_MODULES = YES;
				CLANG_ENABLE_OBJC_ARC = YES;
				CLANG_WARN_BOOL_CONVERSION = YES;
				CLANG_WARN_CONSTANT_CONVERSION = YES;
				CLANG_WARN_DIRECT_OBJC_ISA_USAGE = YES_ERROR;
				CLANG_WARN_DOCUMENTATION_COMMENTS = YES;
				CLANG_WARN_EMPTY_BODY = YES;
				CLANG_WARN_ENUM_CONVERSION = YES;
				CLANG_WARN_INFINITE_RECURSION = YES;
				CLANG_WARN_INT_CONVERSION = YES;
				CLANG_WARN_OBJC_ROOT_CLASS = YES_ERROR;
				CLANG_WARN_SUSPICIOUS_MOVES = YES;
				CLANG_WARN_UNREACHABLE_CODE = YES;
				CLANG_WARN__DUPLICATE_METHOD_MATCH = YES;
				CODE_SIGN_IDENTITY = "-";
				COPY_PHASE_STRIP = NO;
				DEBUG_INFORMATION_FORMAT = dwarf;
				ENABLE_STRICT_OBJC_MSGSEND = YES;
				ENABLE_TESTABILITY = YES;
				GCC_C_LANGUAGE_STANDARD = gnu99;
				GCC_DYNAMIC_NO_PIC = NO;
				GCC_NO_COMMON_BLOCKS = YES;
				GCC_OPTIMIZATION_LEVEL = 0;
				GCC_PREPROCESSOR_DEFINITIONS = (
					"DEBUG=1",
					"$(inherited)",
				);
				GCC_WARN_64_TO_32_BIT_CONVERSION = YES;
				GCC_WARN_ABOUT_RETURN_TYPE = YES_ERROR;
				GCC_WARN_UNDECLARED_SELECTOR = YES;
				GCC_WARN_UNINITIALIZED_AUTOS = YES_AGGRESSIVE;
				GCC_WARN_UNUSED_FUNCTION = YES;
				GCC_WARN_UNUSED_VARIABLE = YES;
				MACOSX_DEPLOYMENT_TARGET = 10.12;
				MTL_ENABLE_DEBUG_INFO = YES;
				ONLY_ACTIVE_ARCH = YES;
				SDKROOT = macosx;
				SWIFT_ACTIVE_COMPILATION_CONDITIONS = DEBUG;
				SWIFT_OPTIMIZATION_LEVEL = "-Onone";
			};
			name = Debug;
		};
		26202B8D1D9DA35F00270519 /* Release */ = {
			isa = XCBuildConfiguration;
			buildSettings = {
				ALWAYS_SEARCH_USER_PATHS = NO;
				CLANG_ANALYZER_NONNULL = YES;
				CLANG_CXX_LANGUAGE_STANDARD = "gnu++0x";
				CLANG_CXX_LIBRARY = "libc++";
				CLANG_ENABLE_MODULES = YES;
				CLANG_ENABLE_OBJC_ARC = YES;
				CLANG_WARN_BOOL_CONVERSION = YES;
				CLANG_WARN_CONSTANT_CONVERSION = YES;
				CLANG_WARN_DIRECT_OBJC_ISA_USAGE = YES_ERROR;
				CLANG_WARN_DOCUMENTATION_COMMENTS = YES;
				CLANG_WARN_EMPTY_BODY = YES;
				CLANG_WARN_ENUM_CONVERSION = YES;
				CLANG_WARN_INFINITE_RECURSION = YES;
				CLANG_WARN_INT_CONVERSION = YES;
				CLANG_WARN_OBJC_ROOT_CLASS = YES_ERROR;
				CLANG_WARN_SUSPICIOUS_MOVES = YES;
				CLANG_WARN_UNREACHABLE_CODE = YES;
				CLANG_WARN__DUPLICATE_METHOD_MATCH = YES;
				CODE_SIGN_IDENTITY = "-";
				COPY_PHASE_STRIP = NO;
				DEBUG_INFORMATION_FORMAT = "dwarf-with-dsym";
				ENABLE_NS_ASSERTIONS = NO;
				ENABLE_STRICT_OBJC_MSGSEND = YES;
				GCC_C_LANGUAGE_STANDARD = gnu99;
				GCC_NO_COMMON_BLOCKS = YES;
				GCC_WARN_64_TO_32_BIT_CONVERSION = YES;
				GCC_WARN_ABOUT_RETURN_TYPE = YES_ERROR;
				GCC_WARN_UNDECLARED_SELECTOR = YES;
				GCC_WARN_UNINITIALIZED_AUTOS = YES_AGGRESSIVE;
				GCC_WARN_UNUSED_FUNCTION = YES;
				GCC_WARN_UNUSED_VARIABLE = YES;
				MACOSX_DEPLOYMENT_TARGET = 10.12;
				MTL_ENABLE_DEBUG_INFO = NO;
				SDKROOT = macosx;
				SWIFT_OPTIMIZATION_LEVEL = "-Owholemodule";
			};
			name = Release;
		};
		26202B8F1D9DA35F00270519 /* Debug */ = {
			isa = XCBuildConfiguration;
			buildSettings = {
				ALWAYS_EMBED_SWIFT_STANDARD_LIBRARIES = YES;
				ASSETCATALOG_COMPILER_APPICON_NAME = AppIcon;
				COMBINE_HIDPI_IMAGES = YES;
				INFOPLIST_FILE = "$(SRCROOT)/Resources/Info.plist";
				LD_RUNPATH_SEARCH_PATHS = "$(inherited) @executable_path/../Frameworks";
				MACOSX_DEPLOYMENT_TARGET = 10.10;
				PRODUCT_BUNDLE_IDENTIFIER = org.hejki.osx.sshce.connector;
				PRODUCT_NAME = "$(TARGET_NAME)";
				SWIFT_VERSION = 3.0;
			};
			name = Debug;
		};
		26202B901D9DA35F00270519 /* Release */ = {
			isa = XCBuildConfiguration;
			buildSettings = {
				ALWAYS_EMBED_SWIFT_STANDARD_LIBRARIES = YES;
				ASSETCATALOG_COMPILER_APPICON_NAME = AppIcon;
				COMBINE_HIDPI_IMAGES = YES;
				INFOPLIST_FILE = "$(SRCROOT)/Resources/Info.plist";
				LD_RUNPATH_SEARCH_PATHS = "$(inherited) @executable_path/../Frameworks";
				MACOSX_DEPLOYMENT_TARGET = 10.10;
				PRODUCT_BUNDLE_IDENTIFIER = org.hejki.osx.sshce.connector;
				PRODUCT_NAME = "$(TARGET_NAME)";
				SWIFT_VERSION = 3.0;
			};
			name = Release;
		};
		26D9674C1D9EA1C5009A78CF /* Debug */ = {
			isa = XCBuildConfiguration;
			buildSettings = {
				ALWAYS_EMBED_SWIFT_STANDARD_LIBRARIES = NO;
				CLANG_ENABLE_MODULES = YES;
				GCC_OPTIMIZATION_LEVEL = s;
				INFOPLIST_FILE = getpass/Info.plist;
				MACH_O_TYPE = mh_bundle;
				MACOSX_DEPLOYMENT_TARGET = 10.10;
				PRODUCT_BUNDLE_IDENTIFIER = org.hejki.osx.sshce.connector.getpass;
				PRODUCT_NAME = "$(TARGET_NAME)";
				SKIP_INSTALL = YES;
				STRIP_STYLE = all;
				SWIFT_INSTALL_OBJC_HEADER = NO;
				SWIFT_OBJC_BRIDGING_HEADER = "";
				SWIFT_OPTIMIZATION_LEVEL = "-Owholemodule";
				SWIFT_VERSION = 3.0;
				WRAPPER_EXTENSION = bundle;
			};
			name = Debug;
		};
		26D9674D1D9EA1C5009A78CF /* Release */ = {
			isa = XCBuildConfiguration;
			buildSettings = {
				ALWAYS_EMBED_SWIFT_STANDARD_LIBRARIES = NO;
				CLANG_ENABLE_MODULES = YES;
				INFOPLIST_FILE = getpass/Info.plist;
				MACH_O_TYPE = mh_bundle;
				MACOSX_DEPLOYMENT_TARGET = 10.10;
				PRODUCT_BUNDLE_IDENTIFIER = org.hejki.osx.sshce.connector.getpass;
				PRODUCT_NAME = "$(TARGET_NAME)";
				SKIP_INSTALL = YES;
				STRIP_STYLE = all;
				SWIFT_INSTALL_OBJC_HEADER = NO;
				SWIFT_OBJC_BRIDGING_HEADER = "";
				SWIFT_VERSION = 3.0;
				WRAPPER_EXTENSION = bundle;
			};
			name = Release;
		};
/* End XCBuildConfiguration section */

/* Begin XCConfigurationList section */
		26202B7C1D9DA35E00270519 /* Build configuration list for PBXProject "SSH Connector" */ = {
			isa = XCConfigurationList;
			buildConfigurations = (
				26202B8C1D9DA35F00270519 /* Debug */,
				26202B8D1D9DA35F00270519 /* Release */,
			);
			defaultConfigurationIsVisible = 0;
			defaultConfigurationName = Release;
		};
		26202B8E1D9DA35F00270519 /* Build configuration list for PBXNativeTarget "SSH Connector" */ = {
			isa = XCConfigurationList;
			buildConfigurations = (
				26202B8F1D9DA35F00270519 /* Debug */,
				26202B901D9DA35F00270519 /* Release */,
			);
			defaultConfigurationIsVisible = 0;
			defaultConfigurationName = Release;
		};
		26D9674B1D9EA1C5009A78CF /* Build configuration list for PBXNativeTarget "getpass" */ = {
			isa = XCConfigurationList;
			buildConfigurations = (
				26D9674C1D9EA1C5009A78CF /* Debug */,
				26D9674D1D9EA1C5009A78CF /* Release */,
			);
			defaultConfigurationIsVisible = 0;
			defaultConfigurationName = Release;
		};
/* End XCConfigurationList section */
	};
	rootObject = 26202B791D9DA35E00270519 /* Project object */;
}
