// !$*UTF8*$!
{
	archiveVersion = 1;
	classes = {
	};
	objectVersion = 46;
	objects = {

/* Begin PBXBuildFile section */
		26202B9D1D9DA9E900270519 /* AppDelegate.swift in Sources */ = {isa = PBXBuildFile; fileRef = 26202B9B1D9DA9E100270519 /* AppDelegate.swift */; };
		26202B9E1D9DA9E900270519 /* ConnectionHelperURL.swift in Sources */ = {isa = PBXBuildFile; fileRef = 26202B9C1D9DA9E100270519 /* ConnectionHelperURL.swift */; };
		26202BA21D9DAAFD00270519 /* Assets.xcassets in Resources */ = {isa = PBXBuildFile; fileRef = 26202B951D9DA9E100270519 /* Assets.xcassets */; };
		26202BB51D9DBEEF00270519 /* MainMenu.xib in Resources */ = {isa = PBXBuildFile; fileRef = 26202B961D9DA9E100270519 /* MainMenu.xib */; };
		269B2C381DB0161300AE6676 /* MoveApplicationHelper.swift in Sources */ = {isa = PBXBuildFile; fileRef = 269B2C371DB0161300AE6676 /* MoveApplicationHelper.swift */; };
		26C3B3571D9E98B000E8A294 /* connect.sh in Resources */ = {isa = PBXBuildFile; fileRef = 26202B981D9DA9E100270519 /* connect.sh */; };
/* End PBXBuildFile section */

/* Begin PBXFileReference section */
		26202B811D9DA35E00270519 /* SSH Connector.app */ = {isa = PBXFileReference; explicitFileType = wrapper.application; includeInIndex = 0; path = "SSH Connector.app"; sourceTree = BUILT_PRODUCTS_DIR; };
		26202B951D9DA9E100270519 /* Assets.xcassets */ = {isa = PBXFileReference; lastKnownFileType = folder.assetcatalog; path = Assets.xcassets; sourceTree = "<group>"; };
		26202B971D9DA9E100270519 /* Base */ = {isa = PBXFileReference; lastKnownFileType = file.xib; name = Base; path = Base.lproj/MainMenu.xib; sourceTree = "<group>"; };
		26202B981D9DA9E100270519 /* connect.sh */ = {isa = PBXFileReference; lastKnownFileType = text.script.sh; path = connect.sh; sourceTree = "<group>"; };
		26202B991D9DA9E100270519 /* Info.plist */ = {isa = PBXFileReference; lastKnownFileType = text.plist.xml; path = Info.plist; sourceTree = "<group>"; };
		26202B9B1D9DA9E100270519 /* AppDelegate.swift */ = {isa = PBXFileReference; lastKnownFileType = sourcecode.swift; path = AppDelegate.swift; sourceTree = "<group>"; };
		26202B9C1D9DA9E100270519 /* ConnectionHelperURL.swift */ = {isa = PBXFileReference; lastKnownFileType = sourcecode.swift; path = ConnectionHelperURL.swift; sourceTree = "<group>"; };
		26202B9F1D9DAA9B00270519 /* LICENSE */ = {isa = PBXFileReference; lastKnownFileType = text; path = LICENSE; sourceTree = "<group>"; };
		26202BA01D9DAA9B00270519 /* README.md */ = {isa = PBXFileReference; lastKnownFileType = net.daringfireball.markdown; path = README.md; sourceTree = "<group>"; };
		269B2C371DB0161300AE6676 /* MoveApplicationHelper.swift */ = {isa = PBXFileReference; fileEncoding = 4; lastKnownFileType = sourcecode.swift; path = MoveApplicationHelper.swift; sourceTree = "<group>"; };
/* End PBXFileReference section */

/* Begin PBXFrameworksBuildPhase section */
		26202B7E1D9DA35E00270519 /* Frameworks */ = {
			isa = PBXFrameworksBuildPhase;
			buildActionMask = 2147483647;
			files = (
			);
			runOnlyForDeploymentPostprocessing = 0;
		};
/* End PBXFrameworksBuildPhase section */

/* Begin PBXGroup section */
		26202B781D9DA35E00270519 = {
			isa = PBXGroup;
			children = (
				26202B9A1D9DA9E100270519 /* Sources */,
				26202B941D9DA9E100270519 /* Resources */,
				26202B821D9DA35E00270519 /* Products */,
				26202B9F1D9DAA9B00270519 /* LICENSE */,
				26202BA01D9DAA9B00270519 /* README.md */,
				26D967861DA064C6009A78CF /* Frameworks */,
			);
			sourceTree = "<group>";
		};
		26202B821D9DA35E00270519 /* Products */ = {
			isa = PBXGroup;
			children = (
				26202B811D9DA35E00270519 /* SSH Connector.app */,
			);
			name = Products;
			sourceTree = "<group>";
		};
		26202B941D9DA9E100270519 /* Resources */ = {
			isa = PBXGroup;
			children = (
				26202B951D9DA9E100270519 /* Assets.xcassets */,
				26202B961D9DA9E100270519 /* MainMenu.xib */,
				26202B981D9DA9E100270519 /* connect.sh */,
				26202B991D9DA9E100270519 /* Info.plist */,
			);
			path = Resources;
			sourceTree = "<group>";
		};
		26202B9A1D9DA9E100270519 /* Sources */ = {
			isa = PBXGroup;
			children = (
				26202B9B1D9DA9E100270519 /* AppDelegate.swift */,
				26202B9C1D9DA9E100270519 /* ConnectionHelperURL.swift */,
				269B2C371DB0161300AE6676 /* MoveApplicationHelper.swift */,
			);
			path = Sources;
			sourceTree = "<group>";
		};
		26D967861DA064C6009A78CF /* Frameworks */ = {
			isa = PBXGroup;
			children = (
			);
			name = Frameworks;
			sourceTree = "<group>";
		};
/* End PBXGroup section */

/* Begin PBXNativeTarget section */
		26202B801D9DA35E00270519 /* SSH Connector */ = {
			isa = PBXNativeTarget;
			buildConfigurationList = 26202B8E1D9DA35F00270519 /* Build configuration list for PBXNativeTarget "SSH Connector" */;
			buildPhases = (
				26202B7D1D9DA35E00270519 /* Sources */,
				26202B7E1D9DA35E00270519 /* Frameworks */,
				26202B7F1D9DA35E00270519 /* Resources */,
			);
			buildRules = (
			);
			dependencies = (
			);
			name = "SSH Connector";
			productName = "SSH Connector";
			productReference = 26202B811D9DA35E00270519 /* SSH Connector.app */;
			productType = "com.apple.product-type.application";
		};
/* End PBXNativeTarget section */

/* Begin PBXProject section */
		26202B791D9DA35E00270519 /* Project object */ = {
			isa = PBXProject;
			attributes = {
				LastSwiftUpdateCheck = 0800;
				LastUpgradeCheck = 0820;
				ORGANIZATIONNAME = Hejki;
				TargetAttributes = {
					26202B801D9DA35E00270519 = {
						CreatedOnToolsVersion = 8.0;
						DevelopmentTeam = 772G83MDGQ;
						ProvisioningStyle = Automatic;
					};
				};
			};
			buildConfigurationList = 26202B7C1D9DA35E00270519 /* Build configuration list for PBXProject "SSH Connector" */;
			compatibilityVersion = "Xcode 3.2";
			developmentRegion = English;
			hasScannedForEncodings = 0;
			knownRegions = (
				en,
				Base,
			);
			mainGroup = 26202B781D9DA35E00270519;
			productRefGroup = 26202B821D9DA35E00270519 /* Products */;
			projectDirPath = "";
			projectRoot = "";
			targets = (
				26202B801D9DA35E00270519 /* SSH Connector */,
			);
		};
/* End PBXProject section */

/* Begin PBXResourcesBuildPhase section */
		26202B7F1D9DA35E00270519 /* Resources */ = {
			isa = PBXResourcesBuildPhase;
			buildActionMask = 2147483647;
			files = (
				26202BA21D9DAAFD00270519 /* Assets.xcassets in Resources */,
				26C3B3571D9E98B000E8A294 /* connect.sh in Resources */,
				26202BB51D9DBEEF00270519 /* MainMenu.xib in Resources */,
			);
			runOnlyForDeploymentPostprocessing = 0;
		};
/* End PBXResourcesBuildPhase section */

/* Begin PBXSourcesBuildPhase section */
		26202B7D1D9DA35E00270519 /* Sources */ = {
			isa = PBXSourcesBuildPhase;
			buildActionMask = 2147483647;
			files = (
				269B2C381DB0161300AE6676 /* MoveApplicationHelper.swift in Sources */,
				26202B9D1D9DA9E900270519 /* AppDelegate.swift in Sources */,
				26202B9E1D9DA9E900270519 /* ConnectionHelperURL.swift in Sources */,
			);
			runOnlyForDeploymentPostprocessing = 0;
		};
/* End PBXSourcesBuildPhase section */

/* Begin PBXVariantGroup section */
		26202B961D9DA9E100270519 /* MainMenu.xib */ = {
			isa = PBXVariantGroup;
			children = (
				26202B971D9DA9E100270519 /* Base */,
			);
			name = MainMenu.xib;
			sourceTree = "<group>";
		};
/* End PBXVariantGroup section */

/* Begin XCBuildConfiguration section */
		26202B8C1D9DA35F00270519 /* Debug */ = {
			isa = XCBuildConfiguration;
			buildSettings = {
				ALWAYS_SEARCH_USER_PATHS = NO;
				CLANG_ANALYZER_NONNULL = YES;
				CLANG_CXX_LANGUAGE_STANDARD = "gnu++0x";
				CLANG_CXX_LIBRARY = "libc++";
				CLANG_ENABLE_MODULES = YES;
				CLANG_ENABLE_OBJC_ARC = YES;
				CLANG_WARN_BOOL_CONVERSION = YES;
				CLANG_WARN_CONSTANT_CONVERSION = YES;
				CLANG_WARN_DIRECT_OBJC_ISA_USAGE = YES_ERROR;
				CLANG_WARN_DOCUMENTATION_COMMENTS = YES;
				CLANG_WARN_EMPTY_BODY = YES;
				CLANG_WARN_ENUM_CONVERSION = YES;
				CLANG_WARN_INFINITE_RECURSION = YES;
				CLANG_WARN_INT_CONVERSION = YES;
				CLANG_WARN_OBJC_ROOT_CLASS = YES_ERROR;
				CLANG_WARN_SUSPICIOUS_MOVE = YES;
				CLANG_WARN_SUSPICIOUS_MOVES = YES;
				CLANG_WARN_UNREACHABLE_CODE = YES;
				CLANG_WARN__DUPLICATE_METHOD_MATCH = YES;
				CODE_SIGN_IDENTITY = "-";
				COPY_PHASE_STRIP = NO;
				DEBUG_INFORMATION_FORMAT = dwarf;
				ENABLE_STRICT_OBJC_MSGSEND = YES;
				ENABLE_TESTABILITY = YES;
				GCC_C_LANGUAGE_STANDARD = gnu99;
				GCC_DYNAMIC_NO_PIC = NO;
				GCC_NO_COMMON_BLOCKS = YES;
				GCC_OPTIMIZATION_LEVEL = 0;
				GCC_PREPROCESSOR_DEFINITIONS = (
					"DEBUG=1",
					"$(inherited)",
				);
				GCC_WARN_64_TO_32_BIT_CONVERSION = YES;
				GCC_WARN_ABOUT_RETURN_TYPE = YES_ERROR;
				GCC_WARN_UNDECLARED_SELECTOR = YES;
				GCC_WARN_UNINITIALIZED_AUTOS = YES_AGGRESSIVE;
				GCC_WARN_UNUSED_FUNCTION = YES;
				GCC_WARN_UNUSED_VARIABLE = YES;
				MACOSX_DEPLOYMENT_TARGET = 10.12;
				MTL_ENABLE_DEBUG_INFO = YES;
				ONLY_ACTIVE_ARCH = YES;
				SDKROOT = macosx;
				SWIFT_ACTIVE_COMPILATION_CONDITIONS = DEBUG;
				SWIFT_OPTIMIZATION_LEVEL = "-Onone";
			};
			name = Debug;
		};
		26202B8D1D9DA35F00270519 /* Release */ = {
			isa = XCBuildConfiguration;
			buildSettings = {
				ALWAYS_SEARCH_USER_PATHS = NO;
				CLANG_ANALYZER_NONNULL = YES;
				CLANG_CXX_LANGUAGE_STANDARD = "gnu++0x";
				CLANG_CXX_LIBRARY = "libc++";
				CLANG_ENABLE_MODULES = YES;
				CLANG_ENABLE_OBJC_ARC = YES;
				CLANG_WARN_BOOL_CONVERSION = YES;
				CLANG_WARN_CONSTANT_CONVERSION = YES;
				CLANG_WARN_DIRECT_OBJC_ISA_USAGE = YES_ERROR;
				CLANG_WARN_DOCUMENTATION_COMMENTS = YES;
				CLANG_WARN_EMPTY_BODY = YES;
				CLANG_WARN_ENUM_CONVERSION = YES;
				CLANG_WARN_INFINITE_RECURSION = YES;
				CLANG_WARN_INT_CONVERSION = YES;
				CLANG_WARN_OBJC_ROOT_CLASS = YES_ERROR;
				CLANG_WARN_SUSPICIOUS_MOVE = YES;
				CLANG_WARN_SUSPICIOUS_MOVES = YES;
				CLANG_WARN_UNREACHABLE_CODE = YES;
				CLANG_WARN__DUPLICATE_METHOD_MATCH = YES;
				CODE_SIGN_IDENTITY = "-";
				COPY_PHASE_STRIP = NO;
				DEBUG_INFORMATION_FORMAT = "dwarf-with-dsym";
				ENABLE_NS_ASSERTIONS = NO;
				ENABLE_STRICT_OBJC_MSGSEND = YES;
				GCC_C_LANGUAGE_STANDARD = gnu99;
				GCC_NO_COMMON_BLOCKS = YES;
				GCC_WARN_64_TO_32_BIT_CONVERSION = YES;
				GCC_WARN_ABOUT_RETURN_TYPE = YES_ERROR;
				GCC_WARN_UNDECLARED_SELECTOR = YES;
				GCC_WARN_UNINITIALIZED_AUTOS = YES_AGGRESSIVE;
				GCC_WARN_UNUSED_FUNCTION = YES;
				GCC_WARN_UNUSED_VARIABLE = YES;
				MACOSX_DEPLOYMENT_TARGET = 10.12;
				MTL_ENABLE_DEBUG_INFO = NO;
				SDKROOT = macosx;
				SWIFT_OPTIMIZATION_LEVEL = "-Owholemodule";
			};
			name = Release;
		};
		26202B8F1D9DA35F00270519 /* Debug */ = {
			isa = XCBuildConfiguration;
			buildSettings = {
				ASSETCATALOG_COMPILER_APPICON_NAME = AppIcon;
				CODE_SIGN_IDENTITY = "Mac Developer";
				COMBINE_HIDPI_IMAGES = YES;
				DEVELOPMENT_TEAM = 772G83MDGQ;
				FRAMEWORK_SEARCH_PATHS = (
					"$(inherited)",
					"$(PROJECT_DIR)/Carthage/Build/Mac",
				);
				INFOPLIST_FILE = "$(SRCROOT)/Resources/Info.plist";
				LD_RUNPATH_SEARCH_PATHS = "$(inherited) @executable_path/../Frameworks @loader_path/../Frameworks";
				MACOSX_DEPLOYMENT_TARGET = 10.10;
				PRODUCT_BUNDLE_IDENTIFIER = org.hejki.osx.sshce.connector;
				PRODUCT_NAME = "$(TARGET_NAME)";
				SWIFT_VERSION = 3.0;
			};
			name = Debug;
		};
		26202B901D9DA35F00270519 /* Release */ = {
			isa = XCBuildConfiguration;
			buildSettings = {
				ASSETCATALOG_COMPILER_APPICON_NAME = AppIcon;
				CODE_SIGN_IDENTITY = "Mac Developer";
				COMBINE_HIDPI_IMAGES = YES;
				DEVELOPMENT_TEAM = 772G83MDGQ;
				FRAMEWORK_SEARCH_PATHS = (
					"$(inherited)",
					"$(PROJECT_DIR)/Carthage/Build/Mac",
				);
				INFOPLIST_FILE = "$(SRCROOT)/Resources/Info.plist";
				LD_RUNPATH_SEARCH_PATHS = "$(inherited) @executable_path/../Frameworks @loader_path/../Frameworks";
				MACOSX_DEPLOYMENT_TARGET = 10.10;
				PRODUCT_BUNDLE_IDENTIFIER = org.hejki.osx.sshce.connector;
				PRODUCT_NAME = "$(TARGET_NAME)";
				SWIFT_VERSION = 3.0;
			};
			name = Release;
		};
/* End XCBuildConfiguration section */

/* Begin XCConfigurationList section */
		26202B7C1D9DA35E00270519 /* Build configuration list for PBXProject "SSH Connector" */ = {
			isa = XCConfigurationList;
			buildConfigurations = (
				26202B8C1D9DA35F00270519 /* Debug */,
				26202B8D1D9DA35F00270519 /* Release */,
			);
			defaultConfigurationIsVisible = 0;
			defaultConfigurationName = Release;
		};
		26202B8E1D9DA35F00270519 /* Build configuration list for PBXNativeTarget "SSH Connector" */ = {
			isa = XCConfigurationList;
			buildConfigurations = (
				26202B8F1D9DA35F00270519 /* Debug */,
				26202B901D9DA35F00270519 /* Release */,
			);
			defaultConfigurationIsVisible = 0;
			defaultConfigurationName = Release;
		};
/* End XCConfigurationList section */
	};
	rootObject = 26202B791D9DA35E00270519 /* Project object */;
}
